
Microsoft Visual Studio Solution File, Format Version 12.00
# Visual Studio Version 17
VisualStudioVersion = 17.14.36429.23 d17.14
MinimumVisualStudioVersion = 10.0.40219.1
Project("{FAE04EC0-301F-11D3-BF4B-00C04F79EFBC}") = "DataAutomate", "DataAutomate\DataAutomate.csproj", "{3F028EA0-7346-453A-B024-F163F7544330}"
EndProject
Global
	GlobalSection(SolutionConfigurationPlatforms) = preSolution
		Debug|Any CPU = Debug|Any CPU
		Release|Any CPU = Release|Any CPU
	EndGlobalSection
	GlobalSection(ProjectConfigurationPlatforms) = postSolution
		{3F028EA0-7346-453A-B024-F163F7544330}.Debug|Any CPU.ActiveCfg = Debug|Any CPU
		{3F028EA0-7346-453A-B024-F163F7544330}.Debug|Any CPU.Build.0 = Debug|Any CPU
		{3F028EA0-7346-453A-B024-F163F7544330}.Release|Any CPU.ActiveCfg = Release|Any CPU
		{3F028EA0-7346-453A-B024-F163F7544330}.Release|Any CPU.Build.0 = Release|Any CPU
	EndGlobalSection
	GlobalSection(SolutionProperties) = preSolution
		HideSolutionNode = FALSE
	EndGlobalSection
	GlobalSection(ExtensibilityGlobals) = postSolution
		SolutionGuid = {0A595D24-F072-4BD7-A67B-C0DDEC159A22}
	EndGlobalSection
EndGlobal
